
Microsoft Visual Studio Solution File, Format Version 12.00
# Visual Studio Version 17
VisualStudioVersion = 17.2.32616.157
MinimumVisualStudioVersion = 10.0.40219.1
Project("{FAE04EC0-301F-11D3-BF4B-00C04F79EFBC}") = "INFS3605 Community Management Application", "INFS3605 Community Management Application\INFS3605 Community Management Application.csproj", "{F9294967-B957-4A79-95B8-A41965A9449D}"
EndProject
Global
	GlobalSection(SolutionConfigurationPlatforms) = preSolution
		Debug|Any CPU = Debug|Any CPU
		Release|Any CPU = Release|Any CPU
	EndGlobalSection
	GlobalSection(ProjectConfigurationPlatforms) = postSolution
		{F9294967-B957-4A79-95B8-A41965A9449D}.Debug|Any CPU.ActiveCfg = Debug|Any CPU
		{F9294967-B957-4A79-95B8-A41965A9449D}.Debug|Any CPU.Build.0 = Debug|Any CPU
		{F9294967-B957-4A79-95B8-A41965A9449D}.Release|Any CPU.ActiveCfg = Release|Any CPU
		{F9294967-B957-4A79-95B8-A41965A9449D}.Release|Any CPU.Build.0 = Release|Any CPU
	EndGlobalSection
	GlobalSection(SolutionProperties) = preSolution
		HideSolutionNode = FALSE
	EndGlobalSection
	GlobalSection(ExtensibilityGlobals) = postSolution
		SolutionGuid = {50C51EF4-5083-4ACB-9F08-A7EC2F5A89F3}
	EndGlobalSection
EndGlobal
